github.com/andybalholm/brotli v1.1.1 h1:PR2pgnyFznKEugtsUo0xLdDop5SKXd5Qf5ysW+7XdTA=
github.com/andybalholm/brotli v1.1.1/go.mod h1:05ib4cKhjx3OQYUY22hTVd34Bc8upXjOLL2rKwwZBoA=
github.com/tdewolff/minify v2.3.6+incompatible h1:2hw5/9ZvxhWLvBUnHE06gElGYz+Jv9R4Eys0XUzItYo=
github.com/tdewolff/minify/v2 v2.21.1 h1:AAf5iltw6+KlUvjRNPAPrANIXl3XEJNBBzuZom5iCAM=
github.com/tdewolff/minify/v2 v2.21.1/go.mod h1:PoqFH8ugcuTUvKqVM9vOqXw4msxvuhL/DTmV5ZXhSCI=
github.com/tdewolff/parse v2.3.4+incompatible h1:x05/cnGwIMf4ceLuDMBOdQ1qGniMoxpP46ghf0Qzh38=
github.com/tdewolff/parse/v2 v2.7.19 h1:7Ljh26yj+gdLFEq/7q9LT4SYyKtwQX4ocNrj45UCePg=
github.com/tdewolff/parse/v2 v2.7.19/go.mod h1:3FbJWZp3XT9OWVN3Hmfp0p/a08v4h8J9W1aghka0soA=
github.com/tdewolff/test v1.0.11-0.20231101010635-f1265d231d52/go.mod h1:6DAvZliBAAnD7rhVgwaM7DE5/d9NMOAJ09SqYqeK4QE=
github.com/turnerbenjamin/minsquash v0.0.0-20241030123935-28f32636528d h1:JQf5nEiiFErIyx5uKqMAQ1NEH3V6PUp9YJBtHTAy2kI=
github.com/turnerbenjamin/minsquash v0.0.0-20241030123935-28f32636528d/go.mod h1:iKs8LvrnGlsu5UAzGNYJ9Znx/4lHc+lkki3ShX4Qazg=
github.com/turnerbenjamin/minsquash v0.0.0-20241030133321-ab0cef362a01 h1:YbopJZt5yXLpCAo1mrQ0IAkFD4JDZb8mXRWSo1KKCD0=
github.com/turnerbenjamin/minsquash v0.0.0-20241030133321-ab0cef362a01/go.mod h1:iKs8LvrnGlsu5UAzGNYJ9Znx/4lHc+lkki3ShX4Qazg=
github.com/vearutop/statigz v1.4.3 h1:eDWkkbQuiG1h8Eu4feV3Rb1x6048LMNIudT77a7Husc=
github.com/vearutop/statigz v1.4.3/go.mod h1:LYTolBLiz9oJISwiVKnOQoIwhO1LWX1A7OECawGS8XE=
github.com/xyproto/randomstring v1.0.5/go.mod h1:rgmS5DeNXLivK7YprL0pY+lTuhNQW3iGxZ18UQApw/E=
